// !$*UTF8*$!
{
	archiveVersion = 1;
	classes = {
	};
	objectVersion = 46;
	objects = {

/* Begin PBXBuildFile section */
		F86CD8A115D49B7000DF9678 /* UIKit.framework in Frameworks */ = {isa = PBXBuildFile; fileRef = F86CD8A015D49B7000DF9678 /* UIKit.framework */; };
		F86CD8A315D49B7000DF9678 /* Foundation.framework in Frameworks */ = {isa = PBXBuildFile; fileRef = F86CD8A215D49B7000DF9678 /* Foundation.framework */; };
		F86CD8A515D49B7000DF9678 /* CoreGraphics.framework in Frameworks */ = {isa = PBXBuildFile; fileRef = F86CD8A415D49B7000DF9678 /* CoreGraphics.framework */; };
		F86CD8AB15D49B7000DF9678 /* InfoPlist.strings in Resources */ = {isa = PBXBuildFile; fileRef = F86CD8A915D49B7000DF9678 /* InfoPlist.strings */; };
		F86CD8AD15D49B7000DF9678 /* main.m in Sources */ = {isa = PBXBuildFile; fileRef = F86CD8AC15D49B7000DF9678 /* main.m */; };
		F86CD8B115D49B7000DF9678 /* AppDelegate.m in Sources */ = {isa = PBXBuildFile; fileRef = F86CD8B015D49B7000DF9678 /* AppDelegate.m */; };
		F86CD8CA15D49BB900DF9678 /* FacingView.m in Sources */ = {isa = PBXBuildFile; fileRef = F86CD8BD15D49BB900DF9678 /* FacingView.m */; };
		F86CD8CB15D49BB900DF9678 /* FoldView.m in Sources */ = {isa = PBXBuildFile; fileRef = F86CD8BF15D49BB900DF9678 /* FoldView.m */; };
		F86CD8CC15D49BB900DF9678 /* MultiFoldView.m in Sources */ = {isa = PBXBuildFile; fileRef = F86CD8C115D49BB900DF9678 /* MultiFoldView.m */; };
		F86CD8CD15D49BB900DF9678 /* PaperFoldView.m in Sources */ = {isa = PBXBuildFile; fileRef = F86CD8C315D49BB900DF9678 /* PaperFoldView.m */; };
		F86CD8CE15D49BB900DF9678 /* ShadowView.m in Sources */ = {isa = PBXBuildFile; fileRef = F86CD8C515D49BB900DF9678 /* ShadowView.m */; };
		F86CD8CF15D49BB900DF9678 /* TouchThroughUIView.m in Sources */ = {isa = PBXBuildFile; fileRef = F86CD8C715D49BB900DF9678 /* TouchThroughUIView.m */; };
		F86CD8D015D49BB900DF9678 /* UIView+Screenshot.m in Sources */ = {isa = PBXBuildFile; fileRef = F86CD8C915D49BB900DF9678 /* UIView+Screenshot.m */; };
		F86CD8D415D49BD500DF9678 /* PaperFoldNavigationController.m in Sources */ = {isa = PBXBuildFile; fileRef = F86CD8D315D49BD500DF9678 /* PaperFoldNavigationController.m */; };
		F86CD8D715D49C2000DF9678 /* ContentViewController.m in Sources */ = {isa = PBXBuildFile; fileRef = F86CD8D615D49C2000DF9678 /* ContentViewController.m */; };
		F86CD8D915D49CAC00DF9678 /* QuartzCore.framework in Frameworks */ = {isa = PBXBuildFile; fileRef = F86CD8D815D49CAC00DF9678 /* QuartzCore.framework */; };
		F86CD8DC15D49DD300DF9678 /* LeftViewController.m in Sources */ = {isa = PBXBuildFile; fileRef = F86CD8DB15D49DD300DF9678 /* LeftViewController.m */; };
		F86CD8E315D49FA800DF9678 /* RightViewController.m in Sources */ = {isa = PBXBuildFile; fileRef = F86CD8E215D49FA800DF9678 /* RightViewController.m */; };
/* End PBXBuildFile section */

/* Begin PBXFileReference section */
		F86CD89C15D49B7000DF9678 /* PaperFold-ContainmentView.app */ = {isa = PBXFileReference; explicitFileType = wrapper.application; includeInIndex = 0; path = "PaperFold-ContainmentView.app"; sourceTree = BUILT_PRODUCTS_DIR; };
		F86CD8A015D49B7000DF9678 /* UIKit.framework */ = {isa = PBXFileReference; lastKnownFileType = wrapper.framework; name = UIKit.framework; path = System/Library/Frameworks/UIKit.framework; sourceTree = SDKROOT; };
		F86CD8A215D49B7000DF9678 /* Foundation.framework */ = {isa = PBXFileReference; lastKnownFileType = wrapper.framework; name = Foundation.framework; path = System/Library/Frameworks/Foundation.framework; sourceTree = SDKROOT; };
		F86CD8A415D49B7000DF9678 /* CoreGraphics.framework */ = {isa = PBXFileReference; lastKnownFileType = wrapper.framework; name = CoreGraphics.framework; path = System/Library/Frameworks/CoreGraphics.framework; sourceTree = SDKROOT; };
		F86CD8A815D49B7000DF9678 /* PaperFold-ContainmentView-Info.plist */ = {isa = PBXFileReference; lastKnownFileType = text.plist.xml; path = "PaperFold-ContainmentView-Info.plist"; sourceTree = "<group>"; };
		F86CD8AA15D49B7000DF9678 /* en */ = {isa = PBXFileReference; lastKnownFileType = text.plist.strings; name = en; path = en.lproj/InfoPlist.strings; sourceTree = "<group>"; };
		F86CD8AC15D49B7000DF9678 /* main.m */ = {isa = PBXFileReference; lastKnownFileType = sourcecode.c.objc; path = main.m; sourceTree = "<group>"; };
		F86CD8AE15D49B7000DF9678 /* PaperFold-ContainmentView-Prefix.pch */ = {isa = PBXFileReference; lastKnownFileType = sourcecode.c.h; path = "PaperFold-ContainmentView-Prefix.pch"; sourceTree = "<group>"; };
		F86CD8AF15D49B7000DF9678 /* AppDelegate.h */ = {isa = PBXFileReference; lastKnownFileType = sourcecode.c.h; path = AppDelegate.h; sourceTree = "<group>"; };
		F86CD8B015D49B7000DF9678 /* AppDelegate.m */ = {isa = PBXFileReference; lastKnownFileType = sourcecode.c.objc; path = AppDelegate.m; sourceTree = "<group>"; };
		F86CD8BC15D49BB900DF9678 /* FacingView.h */ = {isa = PBXFileReference; fileEncoding = 4; lastKnownFileType = sourcecode.c.h; path = FacingView.h; sourceTree = "<group>"; };
		F86CD8BD15D49BB900DF9678 /* FacingView.m */ = {isa = PBXFileReference; fileEncoding = 4; lastKnownFileType = sourcecode.c.objc; path = FacingView.m; sourceTree = "<group>"; };
		F86CD8BE15D49BB900DF9678 /* FoldView.h */ = {isa = PBXFileReference; fileEncoding = 4; lastKnownFileType = sourcecode.c.h; path = FoldView.h; sourceTree = "<group>"; };
		F86CD8BF15D49BB900DF9678 /* FoldView.m */ = {isa = PBXFileReference; fileEncoding = 4; lastKnownFileType = sourcecode.c.objc; path = FoldView.m; sourceTree = "<group>"; };
		F86CD8C015D49BB900DF9678 /* MultiFoldView.h */ = {isa = PBXFileReference; fileEncoding = 4; lastKnownFileType = sourcecode.c.h; path = MultiFoldView.h; sourceTree = "<group>"; };
		F86CD8C115D49BB900DF9678 /* MultiFoldView.m */ = {isa = PBXFileReference; fileEncoding = 4; lastKnownFileType = sourcecode.c.objc; path = MultiFoldView.m; sourceTree = "<group>"; };
		F86CD8C215D49BB900DF9678 /* PaperFoldView.h */ = {isa = PBXFileReference; fileEncoding = 4; lastKnownFileType = sourcecode.c.h; path = PaperFoldView.h; sourceTree = "<group>"; };
		F86CD8C315D49BB900DF9678 /* PaperFoldView.m */ = {isa = PBXFileReference; fileEncoding = 4; lastKnownFileType = sourcecode.c.objc; path = PaperFoldView.m; sourceTree = "<group>"; };
		F86CD8C415D49BB900DF9678 /* ShadowView.h */ = {isa = PBXFileReference; fileEncoding = 4; lastKnownFileType = sourcecode.c.h; path = ShadowView.h; sourceTree = "<group>"; };
		F86CD8C515D49BB900DF9678 /* ShadowView.m */ = {isa = PBXFileReference; fileEncoding = 4; lastKnownFileType = sourcecode.c.objc; path = ShadowView.m; sourceTree = "<group>"; };
		F86CD8C615D49BB900DF9678 /* TouchThroughUIView.h */ = {isa = PBXFileReference; fileEncoding = 4; lastKnownFileType = sourcecode.c.h; path = TouchThroughUIView.h; sourceTree = "<group>"; };
		F86CD8C715D49BB900DF9678 /* TouchThroughUIView.m */ = {isa = PBXFileReference; fileEncoding = 4; lastKnownFileType = sourcecode.c.objc; path = TouchThroughUIView.m; sourceTree = "<group>"; };
		F86CD8C815D49BB900DF9678 /* UIView+Screenshot.h */ = {isa = PBXFileReference; fileEncoding = 4; lastKnownFileType = sourcecode.c.h; path = "UIView+Screenshot.h"; sourceTree = "<group>"; };
		F86CD8C915D49BB900DF9678 /* UIView+Screenshot.m */ = {isa = PBXFileReference; fileEncoding = 4; lastKnownFileType = sourcecode.c.objc; path = "UIView+Screenshot.m"; sourceTree = "<group>"; };
		F86CD8D215D49BD500DF9678 /* PaperFoldNavigationController.h */ = {isa = PBXFileReference; fileEncoding = 4; lastKnownFileType = sourcecode.c.h; path = PaperFoldNavigationController.h; sourceTree = "<group>"; };
		F86CD8D315D49BD500DF9678 /* PaperFoldNavigationController.m */ = {isa = PBXFileReference; fileEncoding = 4; lastKnownFileType = sourcecode.c.objc; path = PaperFoldNavigationController.m; sourceTree = "<group>"; };
		F86CD8D515D49C2000DF9678 /* ContentViewController.h */ = {isa = PBXFileReference; fileEncoding = 4; lastKnownFileType = sourcecode.c.h; path = ContentViewController.h; sourceTree = "<group>"; };
		F86CD8D615D49C2000DF9678 /* ContentViewController.m */ = {isa = PBXFileReference; fileEncoding = 4; lastKnownFileType = sourcecode.c.objc; path = ContentViewController.m; sourceTree = "<group>"; };
		F86CD8D815D49CAC00DF9678 /* QuartzCore.framework */ = {isa = PBXFileReference; lastKnownFileType = wrapper.framework; name = QuartzCore.framework; path = System/Library/Frameworks/QuartzCore.framework; sourceTree = SDKROOT; };
		F86CD8DA15D49DD300DF9678 /* LeftViewController.h */ = {isa = PBXFileReference; fileEncoding = 4; lastKnownFileType = sourcecode.c.h; path = LeftViewController.h; sourceTree = "<group>"; };
		F86CD8DB15D49DD300DF9678 /* LeftViewController.m */ = {isa = PBXFileReference; fileEncoding = 4; lastKnownFileType = sourcecode.c.objc; path = LeftViewController.m; sourceTree = "<group>"; };
		F86CD8E115D49FA700DF9678 /* RightViewController.h */ = {isa = PBXFileReference; fileEncoding = 4; lastKnownFileType = sourcecode.c.h; path = RightViewController.h; sourceTree = "<group>"; };
		F86CD8E215D49FA800DF9678 /* RightViewController.m */ = {isa = PBXFileReference; fileEncoding = 4; lastKnownFileType = sourcecode.c.objc; path = RightViewController.m; sourceTree = "<group>"; };
/* End PBXFileReference section */

/* Begin PBXFrameworksBuildPhase section */
		F86CD89915D49B7000DF9678 /* Frameworks */ = {
			isa = PBXFrameworksBuildPhase;
			buildActionMask = 2147483647;
			files = (
				F86CD8D915D49CAC00DF9678 /* QuartzCore.framework in Frameworks */,
				F86CD8A115D49B7000DF9678 /* UIKit.framework in Frameworks */,
				F86CD8A315D49B7000DF9678 /* Foundation.framework in Frameworks */,
				F86CD8A515D49B7000DF9678 /* CoreGraphics.framework in Frameworks */,
			);
			runOnlyForDeploymentPostprocessing = 0;
		};
/* End PBXFrameworksBuildPhase section */

/* Begin PBXGroup section */
		F86CD89115D49B7000DF9678 = {
			isa = PBXGroup;
			children = (
				F86CD8A615D49B7000DF9678 /* PaperFold-ContainmentView */,
				F86CD89F15D49B7000DF9678 /* Frameworks */,
				F86CD89D15D49B7000DF9678 /* Products */,
			);
			sourceTree = "<group>";
		};
		F86CD89D15D49B7000DF9678 /* Products */ = {
			isa = PBXGroup;
			children = (
				F86CD89C15D49B7000DF9678 /* PaperFold-ContainmentView.app */,
			);
			name = Products;
			sourceTree = "<group>";
		};
		F86CD89F15D49B7000DF9678 /* Frameworks */ = {
			isa = PBXGroup;
			children = (
				F86CD8D815D49CAC00DF9678 /* QuartzCore.framework */,
				F86CD8A015D49B7000DF9678 /* UIKit.framework */,
				F86CD8A215D49B7000DF9678 /* Foundation.framework */,
				F86CD8A415D49B7000DF9678 /* CoreGraphics.framework */,
			);
			name = Frameworks;
			sourceTree = "<group>";
		};
		F86CD8A615D49B7000DF9678 /* PaperFold-ContainmentView */ = {
			isa = PBXGroup;
			children = (
				F86CD8BB15D49BB900DF9678 /* PaperFold */,
				F86CD8AF15D49B7000DF9678 /* AppDelegate.h */,
				F86CD8B015D49B7000DF9678 /* AppDelegate.m */,
				F86CD8D515D49C2000DF9678 /* ContentViewController.h */,
				F86CD8D615D49C2000DF9678 /* ContentViewController.m */,
				F86CD8DA15D49DD300DF9678 /* LeftViewController.h */,
				F86CD8DB15D49DD300DF9678 /* LeftViewController.m */,
				F86CD8E115D49FA700DF9678 /* RightViewController.h */,
				F86CD8E215D49FA800DF9678 /* RightViewController.m */,
				F86CD8A715D49B7000DF9678 /* Supporting Files */,
			);
			path = "PaperFold-ContainmentView";
			sourceTree = "<group>";
		};
		F86CD8A715D49B7000DF9678 /* Supporting Files */ = {
			isa = PBXGroup;
			children = (
				F86CD8A815D49B7000DF9678 /* PaperFold-ContainmentView-Info.plist */,
				F86CD8A915D49B7000DF9678 /* InfoPlist.strings */,
				F86CD8AC15D49B7000DF9678 /* main.m */,
				F86CD8AE15D49B7000DF9678 /* PaperFold-ContainmentView-Prefix.pch */,
			);
			name = "Supporting Files";
			sourceTree = "<group>";
		};
		F86CD8BB15D49BB900DF9678 /* PaperFold */ = {
			isa = PBXGroup;
			children = (
				F86CD8BC15D49BB900DF9678 /* FacingView.h */,
				F86CD8BD15D49BB900DF9678 /* FacingView.m */,
				F86CD8BE15D49BB900DF9678 /* FoldView.h */,
				F86CD8BF15D49BB900DF9678 /* FoldView.m */,
				F86CD8C015D49BB900DF9678 /* MultiFoldView.h */,
				F86CD8C115D49BB900DF9678 /* MultiFoldView.m */,
				F86CD8C215D49BB900DF9678 /* PaperFoldView.h */,
				F86CD8C315D49BB900DF9678 /* PaperFoldView.m */,
				F86CD8C415D49BB900DF9678 /* ShadowView.h */,
				F86CD8C515D49BB900DF9678 /* ShadowView.m */,
				F86CD8C615D49BB900DF9678 /* TouchThroughUIView.h */,
				F86CD8C715D49BB900DF9678 /* TouchThroughUIView.m */,
				F86CD8C815D49BB900DF9678 /* UIView+Screenshot.h */,
				F86CD8C915D49BB900DF9678 /* UIView+Screenshot.m */,
				F86CD8D215D49BD500DF9678 /* PaperFoldNavigationController.h */,
				F86CD8D315D49BD500DF9678 /* PaperFoldNavigationController.m */,
			);
			name = PaperFold;
			path = ../../PaperFold/PaperFold/PaperFold;
			sourceTree = "<group>";
		};
/* End PBXGroup section */

/* Begin PBXNativeTarget section */
		F86CD89B15D49B7000DF9678 /* PaperFold-ContainmentView */ = {
			isa = PBXNativeTarget;
			buildConfigurationList = F86CD8B415D49B7000DF9678 /* Build configuration list for PBXNativeTarget "PaperFold-ContainmentView" */;
			buildPhases = (
				F86CD89815D49B7000DF9678 /* Sources */,
				F86CD89915D49B7000DF9678 /* Frameworks */,
				F86CD89A15D49B7000DF9678 /* Resources */,
			);
			buildRules = (
			);
			dependencies = (
			);
			name = "PaperFold-ContainmentView";
			productName = "PaperFold-ContainmentView";
			productReference = F86CD89C15D49B7000DF9678 /* PaperFold-ContainmentView.app */;
			productType = "com.apple.product-type.application";
		};
/* End PBXNativeTarget section */

/* Begin PBXProject section */
		F86CD89315D49B7000DF9678 /* Project object */ = {
			isa = PBXProject;
			attributes = {
				LastUpgradeCheck = 0440;
				ORGANIZATIONNAME = honcheng;
			};
			buildConfigurationList = F86CD89615D49B7000DF9678 /* Build configuration list for PBXProject "PaperFold-ContainmentView" */;
			compatibilityVersion = "Xcode 3.2";
			developmentRegion = English;
			hasScannedForEncodings = 0;
			knownRegions = (
				en,
			);
			mainGroup = F86CD89115D49B7000DF9678;
			productRefGroup = F86CD89D15D49B7000DF9678 /* Products */;
			projectDirPath = "";
			projectRoot = "";
			targets = (
				F86CD89B15D49B7000DF9678 /* PaperFold-ContainmentView */,
			);
		};
/* End PBXProject section */

/* Begin PBXResourcesBuildPhase section */
		F86CD89A15D49B7000DF9678 /* Resources */ = {
			isa = PBXResourcesBuildPhase;
			buildActionMask = 2147483647;
			files = (
				F86CD8AB15D49B7000DF9678 /* InfoPlist.strings in Resources */,
			);
			runOnlyForDeploymentPostprocessing = 0;
		};
/* End PBXResourcesBuildPhase section */

/* Begin PBXSourcesBuildPhase section */
		F86CD89815D49B7000DF9678 /* Sources */ = {
			isa = PBXSourcesBuildPhase;
			buildActionMask = 2147483647;
			files = (
				F86CD8AD15D49B7000DF9678 /* main.m in Sources */,
				F86CD8B115D49B7000DF9678 /* AppDelegate.m in Sources */,
				F86CD8CA15D49BB900DF9678 /* FacingView.m in Sources */,
				F86CD8CB15D49BB900DF9678 /* FoldView.m in Sources */,
				F86CD8CC15D49BB900DF9678 /* MultiFoldView.m in Sources */,
				F86CD8CD15D49BB900DF9678 /* PaperFoldView.m in Sources */,
				F86CD8CE15D49BB900DF9678 /* ShadowView.m in Sources */,
				F86CD8CF15D49BB900DF9678 /* TouchThroughUIView.m in Sources */,
				F86CD8D015D49BB900DF9678 /* UIView+Screenshot.m in Sources */,
				F86CD8D415D49BD500DF9678 /* PaperFoldNavigationController.m in Sources */,
				F86CD8D715D49C2000DF9678 /* ContentViewController.m in Sources */,
				F86CD8DC15D49DD300DF9678 /* LeftViewController.m in Sources */,
				F86CD8E315D49FA800DF9678 /* RightViewController.m in Sources */,
			);
			runOnlyForDeploymentPostprocessing = 0;
		};
/* End PBXSourcesBuildPhase section */

/* Begin PBXVariantGroup section */
		F86CD8A915D49B7000DF9678 /* InfoPlist.strings */ = {
			isa = PBXVariantGroup;
			children = (
				F86CD8AA15D49B7000DF9678 /* en */,
			);
			name = InfoPlist.strings;
			sourceTree = "<group>";
		};
/* End PBXVariantGroup section */

/* Begin XCBuildConfiguration section */
		F86CD8B215D49B7000DF9678 /* Debug */ = {
			isa = XCBuildConfiguration;
			buildSettings = {
				ALWAYS_SEARCH_USER_PATHS = NO;
				ARCHS = "$(ARCHS_STANDARD_32_BIT)";
				CLANG_CXX_LANGUAGE_STANDARD = "gnu++0x";
				CLANG_ENABLE_OBJC_ARC = YES;
				CLANG_WARN__DUPLICATE_METHOD_MATCH = YES;
				"CODE_SIGN_IDENTITY[sdk=iphoneos*]" = "iPhone Developer";
				COPY_PHASE_STRIP = NO;
				GCC_C_LANGUAGE_STANDARD = gnu99;
				GCC_DYNAMIC_NO_PIC = NO;
				GCC_OPTIMIZATION_LEVEL = 0;
				GCC_PREPROCESSOR_DEFINITIONS = (
					"DEBUG=1",
					"$(inherited)",
				);
				GCC_SYMBOLS_PRIVATE_EXTERN = NO;
				GCC_VERSION = com.apple.compilers.llvm.clang.1_0;
				GCC_WARN_ABOUT_RETURN_TYPE = YES;
				GCC_WARN_UNINITIALIZED_AUTOS = YES;
				GCC_WARN_UNUSED_VARIABLE = YES;
				IPHONEOS_DEPLOYMENT_TARGET = 5.1;
				SDKROOT = iphoneos;
			};
			name = Debug;
		};
		F86CD8B315D49B7000DF9678 /* Release */ = {
			isa = XCBuildConfiguration;
			buildSettings = {
				ALWAYS_SEARCH_USER_PATHS = NO;
				ARCHS = "$(ARCHS_STANDARD_32_BIT)";
				CLANG_CXX_LANGUAGE_STANDARD = "gnu++0x";
				CLANG_ENABLE_OBJC_ARC = YES;
				CLANG_WARN__DUPLICATE_METHOD_MATCH = YES;
				"CODE_SIGN_IDENTITY[sdk=iphoneos*]" = "iPhone Developer";
				COPY_PHASE_STRIP = YES;
				GCC_C_LANGUAGE_STANDARD = gnu99;
				GCC_VERSION = com.apple.compilers.llvm.clang.1_0;
				GCC_WARN_ABOUT_RETURN_TYPE = YES;
				GCC_WARN_UNINITIALIZED_AUTOS = YES;
				GCC_WARN_UNUSED_VARIABLE = YES;
				IPHONEOS_DEPLOYMENT_TARGET = 5.1;
				OTHER_CFLAGS = "-DNS_BLOCK_ASSERTIONS=1";
				SDKROOT = iphoneos;
				VALIDATE_PRODUCT = YES;
			};
			name = Release;
		};
		F86CD8B515D49B7000DF9678 /* Debug */ = {
			isa = XCBuildConfiguration;
			buildSettings = {
				GCC_PRECOMPILE_PREFIX_HEADER = YES;
				GCC_PREFIX_HEADER = "PaperFold-ContainmentView/PaperFold-ContainmentView-Prefix.pch";
				INFOPLIST_FILE = "PaperFold-ContainmentView/PaperFold-ContainmentView-Info.plist";
				PRODUCT_NAME = "$(TARGET_NAME)";
				WRAPPER_EXTENSION = app;
			};
			name = Debug;
		};
		F86CD8B615D49B7000DF9678 /* Release */ = {
			isa = XCBuildConfiguration;
			buildSettings = {
				GCC_PRECOMPILE_PREFIX_HEADER = YES;
				GCC_PREFIX_HEADER = "PaperFold-ContainmentView/PaperFold-ContainmentView-Prefix.pch";
				INFOPLIST_FILE = "PaperFold-ContainmentView/PaperFold-ContainmentView-Info.plist";
				PRODUCT_NAME = "$(TARGET_NAME)";
				WRAPPER_EXTENSION = app;
			};
			name = Release;
		};
/* End XCBuildConfiguration section */

/* Begin XCConfigurationList section */
		F86CD89615D49B7000DF9678 /* Build configuration list for PBXProject "PaperFold-ContainmentView" */ = {
			isa = XCConfigurationList;
			buildConfigurations = (
				F86CD8B215D49B7000DF9678 /* Debug */,
				F86CD8B315D49B7000DF9678 /* Release */,
			);
			defaultConfigurationIsVisible = 0;
			defaultConfigurationName = Release;
		};
		F86CD8B415D49B7000DF9678 /* Build configuration list for PBXNativeTarget "PaperFold-ContainmentView" */ = {
			isa = XCConfigurationList;
			buildConfigurations = (
				F86CD8B515D49B7000DF9678 /* Debug */,
				F86CD8B615D49B7000DF9678 /* Release */,
			);
			defaultConfigurationIsVisible = 0;
			defaultConfigurationName = Release;
		};
/* End XCConfigurationList section */
	};
	rootObject = F86CD89315D49B7000DF9678 /* Project object */;
}
